// !$*UTF8*$!
{
	archiveVersion = 1;
	classes = {
	};
	objectVersion = 51;
	objects = {

/* Begin PBXBuildFile section */
		6D27DA7F2469C4FE00DBDEA2 /* Colors.xcassets in Resources */ = {isa = PBXBuildFile; fileRef = 6D27DA7E2469C4FE00DBDEA2 /* Colors.xcassets */; };
		6D27DA812469C7BA00DBDEA2 /* CurrentUserController.swift in Sources */ = {isa = PBXBuildFile; fileRef = 6D27DA802469C7B900DBDEA2 /* CurrentUserController.swift */; };
		6D27DA842469C84100DBDEA2 /* Home.storyboard in Resources */ = {isa = PBXBuildFile; fileRef = 6D27DA822469C84100DBDEA2 /* Home.storyboard */; };
		6D4A8A642458D07600F69923 /* AddPost.storyboard in Resources */ = {isa = PBXBuildFile; fileRef = 6D4A8A622458D07600F69923 /* AddPost.storyboard */; };
		6D4A8A662458D32700F69923 /* PostListViewController.swift in Sources */ = {isa = PBXBuildFile; fileRef = 6D4A8A652458D32700F69923 /* PostListViewController.swift */; };
		6D4A8A682458D34200F69923 /* PostDetailViewController.swift in Sources */ = {isa = PBXBuildFile; fileRef = 6D4A8A672458D34200F69923 /* PostDetailViewController.swift */; };
		6D4A8A6B2458D64300F69923 /* Profile.storyboard in Resources */ = {isa = PBXBuildFile; fileRef = 6D4A8A692458D64300F69923 /* Profile.storyboard */; };
		6D5EB985246A150500579B00 /* Account+SupportViewController.swift in Sources */ = {isa = PBXBuildFile; fileRef = 6D5EB984246A150500579B00 /* Account+SupportViewController.swift */; };
		6D877E392459F4EE004C860D /* PhotoSelectorViewController.swift in Sources */ = {isa = PBXBuildFile; fileRef = 6D877E382459F4EE004C860D /* PhotoSelectorViewController.swift */; };
		6D9A0E21246094AB00245184 /* MapViewController.swift in Sources */ = {isa = PBXBuildFile; fileRef = 6D9A0E20246094AB00245184 /* MapViewController.swift */; };
		AC00BEAF2465B5A200016CD2 /* ChatExtension.swift in Sources */ = {isa = PBXBuildFile; fileRef = AC00BEAE2465B5A200016CD2 /* ChatExtension.swift */; };
		AC23ABC7245A82F9002D7764 /* Chat.storyboard in Resources */ = {isa = PBXBuildFile; fileRef = AC23ABC6245A82F9002D7764 /* Chat.storyboard */; };
		AC23ABCB245A8C0C002D7764 /* Message.swift in Sources */ = {isa = PBXBuildFile; fileRef = AC23ABCA245A8C0C002D7764 /* Message.swift */; };
		AC24CD1D246DBD8A00119EA5 /* ChatDetailViewController.swift in Sources */ = {isa = PBXBuildFile; fileRef = AC24CD1A246DBD8A00119EA5 /* ChatDetailViewController.swift */; };
		AC24CD1E246DBD8A00119EA5 /* ChatListTableViewController.swift in Sources */ = {isa = PBXBuildFile; fileRef = AC24CD1B246DBD8A00119EA5 /* ChatListTableViewController.swift */; };
		AC24CD1F246DBD8A00119EA5 /* ChatNavigationController.swift in Sources */ = {isa = PBXBuildFile; fileRef = AC24CD1C246DBD8A00119EA5 /* ChatNavigationController.swift */; };
		AC48CE522459E6B300C8D3A6 /* Post.swift in Sources */ = {isa = PBXBuildFile; fileRef = AC48CE502459E6B300C8D3A6 /* Post.swift */; };
		AC48CE532459E6B300C8D3A6 /* User.swift in Sources */ = {isa = PBXBuildFile; fileRef = AC48CE512459E6B300C8D3A6 /* User.swift */; };
		AC81A0F0246AFFA500BFCB06 /* DateHelper.swift in Sources */ = {isa = PBXBuildFile; fileRef = AC81A0EF246AFFA500BFCB06 /* DateHelper.swift */; };
		AC9135C0245CCD5C006562AA /* Chat.swift in Sources */ = {isa = PBXBuildFile; fileRef = AC9135BF245CCD5C006562AA /* Chat.swift */; };
		AC9A766C24574D4600AB1906 /* GoogleService-Info.plist in Resources */ = {isa = PBXBuildFile; fileRef = AC9A766B24574D4600AB1906 /* GoogleService-Info.plist */; };
		ACD047B024660868002F2CA3 /* ChatListItem.swift in Sources */ = {isa = PBXBuildFile; fileRef = ACD047AF24660868002F2CA3 /* ChatListItem.swift */; };
		ACD047B424661C34002F2CA3 /* ChatListController.swift in Sources */ = {isa = PBXBuildFile; fileRef = ACD047B324661C33002F2CA3 /* ChatListController.swift */; };
		ACE1883624646F2E008CC86A /* UserExtension.swift in Sources */ = {isa = PBXBuildFile; fileRef = ACE1883524646F2E008CC86A /* UserExtension.swift */; };
		ACEF808D245A149B009459FF /* Category.swift in Sources */ = {isa = PBXBuildFile; fileRef = ACEF808C245A149B009459FF /* Category.swift */; };
		ACEF8091245A1A3A009459FF /* TestPostCategoryViewController.swift in Sources */ = {isa = PBXBuildFile; fileRef = ACEF8090245A1A3A009459FF /* TestPostCategoryViewController.swift */; };
		D56D79722468F15200265021 /* PostController.swift in Sources */ = {isa = PBXBuildFile; fileRef = D56D79712468F15200265021 /* PostController.swift */; };
		D56D79742468F1AD00265021 /* PostError.swift in Sources */ = {isa = PBXBuildFile; fileRef = D56D79732468F1AD00265021 /* PostError.swift */; };
		D56D79762468F20C00265021 /* PostTableViewCell.swift in Sources */ = {isa = PBXBuildFile; fileRef = D56D79752468F20C00265021 /* PostTableViewCell.swift */; };
		D57620742458DE8F00B5D417 /* AddPostViewController.swift in Sources */ = {isa = PBXBuildFile; fileRef = D57620732458DE8F00B5D417 /* AddPostViewController.swift */; };
		D5762080245A44D700B5D417 /* Utilities.swift in Sources */ = {isa = PBXBuildFile; fileRef = D576207F245A44D600B5D417 /* Utilities.swift */; };
		D5762082245A44F500B5D417 /* SignUpViewController.swift in Sources */ = {isa = PBXBuildFile; fileRef = D5762081245A44F500B5D417 /* SignUpViewController.swift */; };
		D5762084245A456600B5D417 /* LoginViewController.swift in Sources */ = {isa = PBXBuildFile; fileRef = D5762083245A456600B5D417 /* LoginViewController.swift */; };
		D5762088245A677F00B5D417 /* TabBarViewController.swift in Sources */ = {isa = PBXBuildFile; fileRef = D5762087245A677F00B5D417 /* TabBarViewController.swift */; };
		D57620B92460B79200B5D417 /* PasswordResetViewController.swift in Sources */ = {isa = PBXBuildFile; fileRef = D57620B82460B79100B5D417 /* PasswordResetViewController.swift */; };
		D57620BB2460C0C000B5D417 /* ProfileViewController.swift in Sources */ = {isa = PBXBuildFile; fileRef = D57620BA2460C0C000B5D417 /* ProfileViewController.swift */; };
		D5A21D43246A420C002058A7 /* Roboto-Bold.ttf in Resources */ = {isa = PBXBuildFile; fileRef = ACE1C9C9246A1C2200AA0B2D /* Roboto-Bold.ttf */; };
		D5A21D44246A421D002058A7 /* Roboto-Regular.ttf in Resources */ = {isa = PBXBuildFile; fileRef = ACE1C9CA246A1C2200AA0B2D /* Roboto-Regular.ttf */; };
		D5A21D49246B35EF002058A7 /* MyPostsListTableViewController.swift in Sources */ = {isa = PBXBuildFile; fileRef = D5A21D48246B35EF002058A7 /* MyPostsListTableViewController.swift */; };
		D5A21D4B246B3645002058A7 /* MyPostsTableViewCell.swift in Sources */ = {isa = PBXBuildFile; fileRef = D5A21D4A246B3645002058A7 /* MyPostsTableViewCell.swift */; };
		D5A21D4E246B5FF0002058A7 /* MyPostDetailViewController.swift in Sources */ = {isa = PBXBuildFile; fileRef = D5A21D4D246B5FF0002058A7 /* MyPostDetailViewController.swift */; };
		D5CF92CA24537B470059110B /* AppDelegate.swift in Sources */ = {isa = PBXBuildFile; fileRef = D5CF92C924537B470059110B /* AppDelegate.swift */; };
		D5CF92CC24537B470059110B /* SceneDelegate.swift in Sources */ = {isa = PBXBuildFile; fileRef = D5CF92CB24537B470059110B /* SceneDelegate.swift */; };
		D5CF92D124537B470059110B /* Main.storyboard in Resources */ = {isa = PBXBuildFile; fileRef = D5CF92CF24537B470059110B /* Main.storyboard */; };
		D5CF92D324537B570059110B /* Assets.xcassets in Resources */ = {isa = PBXBuildFile; fileRef = D5CF92D224537B570059110B /* Assets.xcassets */; };
		D5CF92D624537B570059110B /* LaunchScreen.storyboard in Resources */ = {isa = PBXBuildFile; fileRef = D5CF92D424537B570059110B /* LaunchScreen.storyboard */; };
		ED79A45D57E957C938A7FDED /* Pods_MVP.framework in Frameworks */ = {isa = PBXBuildFile; fileRef = 1471DADE344D3EE9F14B5658 /* Pods_MVP.framework */; };
/* End PBXBuildFile section */

/* Begin PBXFileReference section */
		0B9123E355416978A5129ABF /* Pods-MVP.debug.xcconfig */ = {isa = PBXFileReference; includeInIndex = 1; lastKnownFileType = text.xcconfig; name = "Pods-MVP.debug.xcconfig"; path = "Target Support Files/Pods-MVP/Pods-MVP.debug.xcconfig"; sourceTree = "<group>"; };
		1471DADE344D3EE9F14B5658 /* Pods_MVP.framework */ = {isa = PBXFileReference; explicitFileType = wrapper.framework; includeInIndex = 0; path = Pods_MVP.framework; sourceTree = BUILT_PRODUCTS_DIR; };
		6D27DA7E2469C4FE00DBDEA2 /* Colors.xcassets */ = {isa = PBXFileReference; lastKnownFileType = folder.assetcatalog; path = Colors.xcassets; sourceTree = "<group>"; };
		6D27DA802469C7B900DBDEA2 /* CurrentUserController.swift */ = {isa = PBXFileReference; fileEncoding = 4; lastKnownFileType = sourcecode.swift; path = CurrentUserController.swift; sourceTree = "<group>"; };
		6D27DA832469C84100DBDEA2 /* Base */ = {isa = PBXFileReference; lastKnownFileType = file.storyboard; name = Base; path = Base.lproj/Home.storyboard; sourceTree = "<group>"; };
		6D4A8A632458D07600F69923 /* Base */ = {isa = PBXFileReference; lastKnownFileType = file.storyboard; name = Base; path = Base.lproj/AddPost.storyboard; sourceTree = "<group>"; };
		6D4A8A652458D32700F69923 /* PostListViewController.swift */ = {isa = PBXFileReference; lastKnownFileType = sourcecode.swift; path = PostListViewController.swift; sourceTree = "<group>"; };
		6D4A8A672458D34200F69923 /* PostDetailViewController.swift */ = {isa = PBXFileReference; lastKnownFileType = sourcecode.swift; path = PostDetailViewController.swift; sourceTree = "<group>"; };
		6D4A8A6A2458D64300F69923 /* Base */ = {isa = PBXFileReference; lastKnownFileType = file.storyboard; name = Base; path = Base.lproj/Profile.storyboard; sourceTree = "<group>"; };
		6D5EB984246A150500579B00 /* Account+SupportViewController.swift */ = {isa = PBXFileReference; fileEncoding = 4; lastKnownFileType = sourcecode.swift; path = "Account+SupportViewController.swift"; sourceTree = "<group>"; };
		6D877E382459F4EE004C860D /* PhotoSelectorViewController.swift */ = {isa = PBXFileReference; lastKnownFileType = sourcecode.swift; path = PhotoSelectorViewController.swift; sourceTree = "<group>"; };
		6D9A0E20246094AB00245184 /* MapViewController.swift */ = {isa = PBXFileReference; lastKnownFileType = sourcecode.swift; path = MapViewController.swift; sourceTree = "<group>"; };
		AC00BEAE2465B5A200016CD2 /* ChatExtension.swift */ = {isa = PBXFileReference; lastKnownFileType = sourcecode.swift; path = ChatExtension.swift; sourceTree = "<group>"; };
		AC23ABC6245A82F9002D7764 /* Chat.storyboard */ = {isa = PBXFileReference; lastKnownFileType = file.storyboard; path = Chat.storyboard; sourceTree = "<group>"; };
		AC23ABCA245A8C0C002D7764 /* Message.swift */ = {isa = PBXFileReference; lastKnownFileType = sourcecode.swift; path = Message.swift; sourceTree = "<group>"; };
		AC24CD1A246DBD8A00119EA5 /* ChatDetailViewController.swift */ = {isa = PBXFileReference; fileEncoding = 4; lastKnownFileType = sourcecode.swift; name = ChatDetailViewController.swift; path = Chat/ChatDetailViewController.swift; sourceTree = "<group>"; };
		AC24CD1B246DBD8A00119EA5 /* ChatListTableViewController.swift */ = {isa = PBXFileReference; fileEncoding = 4; lastKnownFileType = sourcecode.swift; name = ChatListTableViewController.swift; path = Chat/ChatListTableViewController.swift; sourceTree = "<group>"; };
		AC24CD1C246DBD8A00119EA5 /* ChatNavigationController.swift */ = {isa = PBXFileReference; fileEncoding = 4; lastKnownFileType = sourcecode.swift; name = ChatNavigationController.swift; path = Chat/ChatNavigationController.swift; sourceTree = "<group>"; };
		AC48CE502459E6B300C8D3A6 /* Post.swift */ = {isa = PBXFileReference; fileEncoding = 4; lastKnownFileType = sourcecode.swift; path = Post.swift; sourceTree = "<group>"; };
		AC48CE512459E6B300C8D3A6 /* User.swift */ = {isa = PBXFileReference; fileEncoding = 4; lastKnownFileType = sourcecode.swift; path = User.swift; sourceTree = "<group>"; };
		AC81A0EF246AFFA500BFCB06 /* DateHelper.swift */ = {isa = PBXFileReference; lastKnownFileType = sourcecode.swift; path = DateHelper.swift; sourceTree = "<group>"; };
		AC9135BF245CCD5C006562AA /* Chat.swift */ = {isa = PBXFileReference; lastKnownFileType = sourcecode.swift; path = Chat.swift; sourceTree = "<group>"; };
		AC9A766B24574D4600AB1906 /* GoogleService-Info.plist */ = {isa = PBXFileReference; fileEncoding = 4; lastKnownFileType = text.plist.xml; path = "GoogleService-Info.plist"; sourceTree = "<group>"; };
		ACD047AF24660868002F2CA3 /* ChatListItem.swift */ = {isa = PBXFileReference; lastKnownFileType = sourcecode.swift; path = ChatListItem.swift; sourceTree = "<group>"; };
		ACD047B324661C33002F2CA3 /* ChatListController.swift */ = {isa = PBXFileReference; fileEncoding = 4; lastKnownFileType = sourcecode.swift; path = ChatListController.swift; sourceTree = "<group>"; };
		ACE1883524646F2E008CC86A /* UserExtension.swift */ = {isa = PBXFileReference; lastKnownFileType = sourcecode.swift; path = UserExtension.swift; sourceTree = "<group>"; };
		ACE1C9C9246A1C2200AA0B2D /* Roboto-Bold.ttf */ = {isa = PBXFileReference; lastKnownFileType = file; path = "Roboto-Bold.ttf"; sourceTree = "<group>"; };
		ACE1C9CA246A1C2200AA0B2D /* Roboto-Regular.ttf */ = {isa = PBXFileReference; lastKnownFileType = file; path = "Roboto-Regular.ttf"; sourceTree = "<group>"; };
		ACEF808C245A149B009459FF /* Category.swift */ = {isa = PBXFileReference; lastKnownFileType = sourcecode.swift; path = Category.swift; sourceTree = "<group>"; };
		ACEF8090245A1A3A009459FF /* TestPostCategoryViewController.swift */ = {isa = PBXFileReference; lastKnownFileType = sourcecode.swift; path = TestPostCategoryViewController.swift; sourceTree = "<group>"; };
		B4FC19AE417711957313A323 /* Pods-MVP.release.xcconfig */ = {isa = PBXFileReference; includeInIndex = 1; lastKnownFileType = text.xcconfig; name = "Pods-MVP.release.xcconfig"; path = "Target Support Files/Pods-MVP/Pods-MVP.release.xcconfig"; sourceTree = "<group>"; };
		D56D79712468F15200265021 /* PostController.swift */ = {isa = PBXFileReference; lastKnownFileType = sourcecode.swift; path = PostController.swift; sourceTree = "<group>"; };
		D56D79732468F1AD00265021 /* PostError.swift */ = {isa = PBXFileReference; lastKnownFileType = sourcecode.swift; path = PostError.swift; sourceTree = "<group>"; };
		D56D79752468F20C00265021 /* PostTableViewCell.swift */ = {isa = PBXFileReference; lastKnownFileType = sourcecode.swift; path = PostTableViewCell.swift; sourceTree = "<group>"; };
		D57620732458DE8F00B5D417 /* AddPostViewController.swift */ = {isa = PBXFileReference; lastKnownFileType = sourcecode.swift; path = AddPostViewController.swift; sourceTree = "<group>"; };
		D576207F245A44D600B5D417 /* Utilities.swift */ = {isa = PBXFileReference; lastKnownFileType = sourcecode.swift; path = Utilities.swift; sourceTree = "<group>"; };
		D5762081245A44F500B5D417 /* SignUpViewController.swift */ = {isa = PBXFileReference; lastKnownFileType = sourcecode.swift; path = SignUpViewController.swift; sourceTree = "<group>"; };
		D5762083245A456600B5D417 /* LoginViewController.swift */ = {isa = PBXFileReference; lastKnownFileType = sourcecode.swift; path = LoginViewController.swift; sourceTree = "<group>"; };
		D5762087245A677F00B5D417 /* TabBarViewController.swift */ = {isa = PBXFileReference; lastKnownFileType = sourcecode.swift; path = TabBarViewController.swift; sourceTree = "<group>"; };
		D57620B82460B79100B5D417 /* PasswordResetViewController.swift */ = {isa = PBXFileReference; lastKnownFileType = sourcecode.swift; path = PasswordResetViewController.swift; sourceTree = "<group>"; };
		D57620BA2460C0C000B5D417 /* ProfileViewController.swift */ = {isa = PBXFileReference; lastKnownFileType = sourcecode.swift; path = ProfileViewController.swift; sourceTree = "<group>"; };
		D5A21D48246B35EF002058A7 /* MyPostsListTableViewController.swift */ = {isa = PBXFileReference; lastKnownFileType = sourcecode.swift; path = MyPostsListTableViewController.swift; sourceTree = "<group>"; };
		D5A21D4A246B3645002058A7 /* MyPostsTableViewCell.swift */ = {isa = PBXFileReference; lastKnownFileType = sourcecode.swift; path = MyPostsTableViewCell.swift; sourceTree = "<group>"; };
		D5A21D4D246B5FF0002058A7 /* MyPostDetailViewController.swift */ = {isa = PBXFileReference; lastKnownFileType = sourcecode.swift; path = MyPostDetailViewController.swift; sourceTree = "<group>"; };
		D5CF92C624537B470059110B /* MVP.app */ = {isa = PBXFileReference; explicitFileType = wrapper.application; includeInIndex = 0; path = MVP.app; sourceTree = BUILT_PRODUCTS_DIR; };
		D5CF92C924537B470059110B /* AppDelegate.swift */ = {isa = PBXFileReference; lastKnownFileType = sourcecode.swift; path = AppDelegate.swift; sourceTree = "<group>"; };
		D5CF92CB24537B470059110B /* SceneDelegate.swift */ = {isa = PBXFileReference; lastKnownFileType = sourcecode.swift; path = SceneDelegate.swift; sourceTree = "<group>"; };
		D5CF92D024537B470059110B /* Base */ = {isa = PBXFileReference; lastKnownFileType = file.storyboard; name = Base; path = Base.lproj/Main.storyboard; sourceTree = "<group>"; };
		D5CF92D224537B570059110B /* Assets.xcassets */ = {isa = PBXFileReference; lastKnownFileType = folder.assetcatalog; path = Assets.xcassets; sourceTree = "<group>"; };
		D5CF92D524537B570059110B /* Base */ = {isa = PBXFileReference; lastKnownFileType = file.storyboard; name = Base; path = Base.lproj/LaunchScreen.storyboard; sourceTree = "<group>"; };
		D5CF92D724537B570059110B /* Info.plist */ = {isa = PBXFileReference; lastKnownFileType = text.plist.xml; path = Info.plist; sourceTree = "<group>"; };
/* End PBXFileReference section */

/* Begin PBXFrameworksBuildPhase section */
		D5CF92C324537B460059110B /* Frameworks */ = {
			isa = PBXFrameworksBuildPhase;
			buildActionMask = 2147483647;
			files = (
				ED79A45D57E957C938A7FDED /* Pods_MVP.framework in Frameworks */,
			);
			runOnlyForDeploymentPostprocessing = 0;
		};
/* End PBXFrameworksBuildPhase section */

/* Begin PBXGroup section */
		261DAFB5701C6AC60E6665C0 /* Frameworks */ = {
			isa = PBXGroup;
			children = (
				1471DADE344D3EE9F14B5658 /* Pods_MVP.framework */,
			);
			name = Frameworks;
			sourceTree = "<group>";
		};
		60867518F442B275D1EFCA72 /* Pods */ = {
			isa = PBXGroup;
			children = (
				0B9123E355416978A5129ABF /* Pods-MVP.debug.xcconfig */,
				B4FC19AE417711957313A323 /* Pods-MVP.release.xcconfig */,
			);
			path = Pods;
			sourceTree = "<group>";
		};
		6D27DA852469C8DD00DBDEA2 /* Fonts */ = {
			isa = PBXGroup;
			children = (
				ACE1C9C9246A1C2200AA0B2D /* Roboto-Bold.ttf */,
				ACE1C9CA246A1C2200AA0B2D /* Roboto-Regular.ttf */,
			);
			path = Fonts;
			sourceTree = "<group>";
		};
		6D9A0E2224609B0B00245184 /* Custom Views */ = {
			isa = PBXGroup;
			children = (
			);
			path = "Custom Views";
			sourceTree = "<group>";
		};
		D576207B245A446300B5D417 /* Auth */ = {
			isa = PBXGroup;
			children = (
				D5762081245A44F500B5D417 /* SignUpViewController.swift */,
				D5762083245A456600B5D417 /* LoginViewController.swift */,
				D57620B82460B79100B5D417 /* PasswordResetViewController.swift */,
			);
			path = Auth;
			sourceTree = "<group>";
		};
		D576207E245A44C600B5D417 /* Auth */ = {
			isa = PBXGroup;
			children = (
				D576207F245A44D600B5D417 /* Utilities.swift */,
			);
			path = Auth;
			sourceTree = "<group>";
		};
		D5A21D45246B3546002058A7 /* Profile */ = {
			isa = PBXGroup;
			children = (
				D5A21D48246B35EF002058A7 /* MyPostsListTableViewController.swift */,
				6D5EB984246A150500579B00 /* Account+SupportViewController.swift */,
				D57620BA2460C0C000B5D417 /* ProfileViewController.swift */,
				D5A21D4A246B3645002058A7 /* MyPostsTableViewCell.swift */,
				D5A21D4D246B5FF0002058A7 /* MyPostDetailViewController.swift */,
			);
			path = Profile;
			sourceTree = "<group>";
		};
		D5A21D46246B3566002058A7 /* Feed */ = {
			isa = PBXGroup;
			children = (
				6D4A8A652458D32700F69923 /* PostListViewController.swift */,
				6D4A8A672458D34200F69923 /* PostDetailViewController.swift */,
				6D9A0E20246094AB00245184 /* MapViewController.swift */,
				D56D79752468F20C00265021 /* PostTableViewCell.swift */,
			);
			path = Feed;
			sourceTree = "<group>";
		};
		D5A21D47246B357D002058A7 /* Chat */ = {
			isa = PBXGroup;
			children = (
				AC24CD1A246DBD8A00119EA5 /* ChatDetailViewController.swift */,
				AC24CD1B246DBD8A00119EA5 /* ChatListTableViewController.swift */,
				AC24CD1C246DBD8A00119EA5 /* ChatNavigationController.swift */,
			);
			name = Chat;
			sourceTree = "<group>";
		};
		D5A21D4C246B366D002058A7 /* AddPost */ = {
			isa = PBXGroup;
			children = (
				D57620732458DE8F00B5D417 /* AddPostViewController.swift */,
			);
			path = AddPost;
			sourceTree = "<group>";
		};
		D5CF92BD24537B460059110B = {
			isa = PBXGroup;
			children = (
				D5CF92C824537B470059110B /* MVP */,
				D5CF92C724537B470059110B /* Products */,
				60867518F442B275D1EFCA72 /* Pods */,
				261DAFB5701C6AC60E6665C0 /* Frameworks */,
			);
			sourceTree = "<group>";
		};
		D5CF92C724537B470059110B /* Products */ = {
			isa = PBXGroup;
			children = (
				D5CF92C624537B470059110B /* MVP.app */,
			);
			name = Products;
			sourceTree = "<group>";
		};
		D5CF92C824537B470059110B /* MVP */ = {
			isa = PBXGroup;
			children = (
				D5CF92E224537BBC0059110B /* Views */,
				D5CF92DF24537B9B0059110B /* Controllers */,
				D5CF92DE24537B910059110B /* Models */,
				D5CF92E324537BDD0059110B /* Helpers */,
				D5CF92DD24537B870059110B /* Resources */,
				AC9A766B24574D4600AB1906 /* GoogleService-Info.plist */,
				D5CF92D724537B570059110B /* Info.plist */,
			);
			path = MVP;
			sourceTree = "<group>";
		};
		D5CF92DD24537B870059110B /* Resources */ = {
			isa = PBXGroup;
			children = (
				6D27DA852469C8DD00DBDEA2 /* Fonts */,
				D5CF92C924537B470059110B /* AppDelegate.swift */,
				D5CF92CB24537B470059110B /* SceneDelegate.swift */,
				D5CF92D224537B570059110B /* Assets.xcassets */,
				D5CF92D424537B570059110B /* LaunchScreen.storyboard */,
				6D27DA7E2469C4FE00DBDEA2 /* Colors.xcassets */,
			);
			path = Resources;
			sourceTree = "<group>";
		};
		D5CF92DE24537B910059110B /* Models */ = {
			isa = PBXGroup;
			children = (
				AC48CE502459E6B300C8D3A6 /* Post.swift */,
				AC48CE512459E6B300C8D3A6 /* User.swift */,
				ACEF808C245A149B009459FF /* Category.swift */,
				AC23ABCA245A8C0C002D7764 /* Message.swift */,
				AC9135BF245CCD5C006562AA /* Chat.swift */,
				ACD047AF24660868002F2CA3 /* ChatListItem.swift */,
			);
			path = Models;
			sourceTree = "<group>";
		};
		D5CF92DF24537B9B0059110B /* Controllers */ = {
			isa = PBXGroup;
			children = (
				D5CF92E124537BB20059110B /* Model Controllers */,
				D5CF92E024537BA40059110B /* View Controllers */,
			);
			path = Controllers;
			sourceTree = "<group>";
		};
		D5CF92E024537BA40059110B /* View Controllers */ = {
			isa = PBXGroup;
			children = (
				D5A21D46246B3566002058A7 /* Feed */,
				D5A21D4C246B366D002058A7 /* AddPost */,
				D5A21D45246B3546002058A7 /* Profile */,
				D5A21D47246B357D002058A7 /* Chat */,
				D576207B245A446300B5D417 /* Auth */,
				6D877E382459F4EE004C860D /* PhotoSelectorViewController.swift */,
				ACEF8090245A1A3A009459FF /* TestPostCategoryViewController.swift */,
				D5762087245A677F00B5D417 /* TabBarViewController.swift */,
			);
			path = "View Controllers";
			sourceTree = "<group>";
		};
		D5CF92E124537BB20059110B /* Model Controllers */ = {
			isa = PBXGroup;
			children = (
				ACD047B324661C33002F2CA3 /* ChatListController.swift */,
				6D27DA802469C7B900DBDEA2 /* CurrentUserController.swift */,
				D56D79712468F15200265021 /* PostController.swift */,
			);
			path = "Model Controllers";
			sourceTree = "<group>";
		};
		D5CF92E224537BBC0059110B /* Views */ = {
			isa = PBXGroup;
			children = (
				6D4A8A692458D64300F69923 /* Profile.storyboard */,
				6D4A8A622458D07600F69923 /* AddPost.storyboard */,
				6D27DA822469C84100DBDEA2 /* Home.storyboard */,
				D5CF92CF24537B470059110B /* Main.storyboard */,
				6D9A0E2224609B0B00245184 /* Custom Views */,
				AC23ABC6245A82F9002D7764 /* Chat.storyboard */,
			);
			path = Views;
			sourceTree = "<group>";
		};
		D5CF92E324537BDD0059110B /* Helpers */ = {
			isa = PBXGroup;
			children = (
				D576207E245A44C600B5D417 /* Auth */,
				ACE1883524646F2E008CC86A /* UserExtension.swift */,
				AC00BEAE2465B5A200016CD2 /* ChatExtension.swift */,
				D56D79732468F1AD00265021 /* PostError.swift */,
				AC81A0EF246AFFA500BFCB06 /* DateHelper.swift */,
			);
			path = Helpers;
			sourceTree = "<group>";
		};
/* End PBXGroup section */

/* Begin PBXNativeTarget section */
		D5CF92C524537B460059110B /* MVP */ = {
			isa = PBXNativeTarget;
			buildConfigurationList = D5CF92DA24537B570059110B /* Build configuration list for PBXNativeTarget "MVP" */;
			buildPhases = (
				3047D9BB98AAB8A18E26CE0A /* [CP] Check Pods Manifest.lock */,
				D5CF92C224537B460059110B /* Sources */,
				D5CF92C324537B460059110B /* Frameworks */,
				D5CF92C424537B460059110B /* Resources */,
				3B3932FBFB43C8F44B8D792F /* [CP] Embed Pods Frameworks */,
			);
			buildRules = (
			);
			dependencies = (
			);
			name = MVP;
			productName = MVP;
			productReference = D5CF92C624537B470059110B /* MVP.app */;
			productType = "com.apple.product-type.application";
		};
/* End PBXNativeTarget section */

/* Begin PBXProject section */
		D5CF92BE24537B460059110B /* Project object */ = {
			isa = PBXProject;
			attributes = {
				LastSwiftUpdateCheck = 1140;
				LastUpgradeCheck = 1140;
				ORGANIZATIONNAME = coronacation;
				TargetAttributes = {
					D5CF92C524537B460059110B = {
						CreatedOnToolsVersion = 11.4;
					};
				};
			};
			buildConfigurationList = D5CF92C124537B460059110B /* Build configuration list for PBXProject "MVP" */;
			compatibilityVersion = "Xcode 9.3";
			developmentRegion = en;
			hasScannedForEncodings = 0;
			knownRegions = (
				en,
				Base,
			);
			mainGroup = D5CF92BD24537B460059110B;
			productRefGroup = D5CF92C724537B470059110B /* Products */;
			projectDirPath = "";
			projectRoot = "";
			targets = (
				D5CF92C524537B460059110B /* MVP */,
			);
		};
/* End PBXProject section */

/* Begin PBXResourcesBuildPhase section */
		D5CF92C424537B460059110B /* Resources */ = {
			isa = PBXResourcesBuildPhase;
			buildActionMask = 2147483647;
			files = (
				6D27DA7F2469C4FE00DBDEA2 /* Colors.xcassets in Resources */,
				D5A21D44246A421D002058A7 /* Roboto-Regular.ttf in Resources */,
				D5CF92D624537B570059110B /* LaunchScreen.storyboard in Resources */,
				D5A21D43246A420C002058A7 /* Roboto-Bold.ttf in Resources */,
				AC9A766C24574D4600AB1906 /* GoogleService-Info.plist in Resources */,
				6D27DA842469C84100DBDEA2 /* Home.storyboard in Resources */,
				D5CF92D324537B570059110B /* Assets.xcassets in Resources */,
				6D4A8A642458D07600F69923 /* AddPost.storyboard in Resources */,
				6D4A8A6B2458D64300F69923 /* Profile.storyboard in Resources */,
				D5CF92D124537B470059110B /* Main.storyboard in Resources */,
				AC23ABC7245A82F9002D7764 /* Chat.storyboard in Resources */,
			);
			runOnlyForDeploymentPostprocessing = 0;
		};
/* End PBXResourcesBuildPhase section */

/* Begin PBXShellScriptBuildPhase section */
		3047D9BB98AAB8A18E26CE0A /* [CP] Check Pods Manifest.lock */ = {
			isa = PBXShellScriptBuildPhase;
			buildActionMask = 2147483647;
			files = (
			);
			inputFileListPaths = (
			);
			inputPaths = (
				"${PODS_PODFILE_DIR_PATH}/Podfile.lock",
				"${PODS_ROOT}/Manifest.lock",
			);
			name = "[CP] Check Pods Manifest.lock";
			outputFileListPaths = (
			);
			outputPaths = (
				"$(DERIVED_FILE_DIR)/Pods-MVP-checkManifestLockResult.txt",
			);
			runOnlyForDeploymentPostprocessing = 0;
			shellPath = /bin/sh;
			shellScript = "diff \"${PODS_PODFILE_DIR_PATH}/Podfile.lock\" \"${PODS_ROOT}/Manifest.lock\" > /dev/null\nif [ $? != 0 ] ; then\n    # print error to STDERR\n    echo \"error: The sandbox is not in sync with the Podfile.lock. Run 'pod install' or update your CocoaPods installation.\" >&2\n    exit 1\nfi\n# This output is used by Xcode 'outputs' to avoid re-running this script phase.\necho \"SUCCESS\" > \"${SCRIPT_OUTPUT_FILE_0}\"\n";
			showEnvVarsInLog = 0;
		};
		3B3932FBFB43C8F44B8D792F /* [CP] Embed Pods Frameworks */ = {
			isa = PBXShellScriptBuildPhase;
			buildActionMask = 2147483647;
			files = (
			);
			inputFileListPaths = (
				"${PODS_ROOT}/Target Support Files/Pods-MVP/Pods-MVP-frameworks-${CONFIGURATION}-input-files.xcfilelist",
			);
			name = "[CP] Embed Pods Frameworks";
			outputFileListPaths = (
				"${PODS_ROOT}/Target Support Files/Pods-MVP/Pods-MVP-frameworks-${CONFIGURATION}-output-files.xcfilelist",
			);
			runOnlyForDeploymentPostprocessing = 0;
			shellPath = /bin/sh;
			shellScript = "\"${PODS_ROOT}/Target Support Files/Pods-MVP/Pods-MVP-frameworks.sh\"\n";
			showEnvVarsInLog = 0;
		};
/* End PBXShellScriptBuildPhase section */

/* Begin PBXSourcesBuildPhase section */
		D5CF92C224537B460059110B /* Sources */ = {
			isa = PBXSourcesBuildPhase;
			buildActionMask = 2147483647;
			files = (
				D5762084245A456600B5D417 /* LoginViewController.swift in Sources */,
				6D4A8A662458D32700F69923 /* PostListViewController.swift in Sources */,
				D56D79762468F20C00265021 /* PostTableViewCell.swift in Sources */,
				AC81A0F0246AFFA500BFCB06 /* DateHelper.swift in Sources */,
				6D4A8A682458D34200F69923 /* PostDetailViewController.swift in Sources */,
				D57620B92460B79200B5D417 /* PasswordResetViewController.swift in Sources */,
				AC23ABCB245A8C0C002D7764 /* Message.swift in Sources */,
				6D877E392459F4EE004C860D /* PhotoSelectorViewController.swift in Sources */,
				D5CF92CA24537B470059110B /* AppDelegate.swift in Sources */,
				6D9A0E21246094AB00245184 /* MapViewController.swift in Sources */,
				6D5EB985246A150500579B00 /* Account+SupportViewController.swift in Sources */,
				AC24CD1D246DBD8A00119EA5 /* ChatDetailViewController.swift in Sources */,
				D56D79742468F1AD00265021 /* PostError.swift in Sources */,
				D57620BB2460C0C000B5D417 /* ProfileViewController.swift in Sources */,
				ACEF8091245A1A3A009459FF /* TestPostCategoryViewController.swift in Sources */,
				D5A21D49246B35EF002058A7 /* MyPostsListTableViewController.swift in Sources */,
				ACD047B024660868002F2CA3 /* ChatListItem.swift in Sources */,
				D5762080245A44D700B5D417 /* Utilities.swift in Sources */,
				AC48CE522459E6B300C8D3A6 /* Post.swift in Sources */,
				AC24CD1E246DBD8A00119EA5 /* ChatListTableViewController.swift in Sources */,
				ACEF808D245A149B009459FF /* Category.swift in Sources */,
				D57620742458DE8F00B5D417 /* AddPostViewController.swift in Sources */,
				ACD047B424661C34002F2CA3 /* ChatListController.swift in Sources */,
				D5A21D4E246B5FF0002058A7 /* MyPostDetailViewController.swift in Sources */,
				AC00BEAF2465B5A200016CD2 /* ChatExtension.swift in Sources */,
				AC24CD1F246DBD8A00119EA5 /* ChatNavigationController.swift in Sources */,
				6D27DA812469C7BA00DBDEA2 /* CurrentUserController.swift in Sources */,
				ACE1883624646F2E008CC86A /* UserExtension.swift in Sources */,
				AC9135C0245CCD5C006562AA /* Chat.swift in Sources */,
				D5CF92CC24537B470059110B /* SceneDelegate.swift in Sources */,
				D5762082245A44F500B5D417 /* SignUpViewController.swift in Sources */,
				D5762088245A677F00B5D417 /* TabBarViewController.swift in Sources */,
				D5A21D4B246B3645002058A7 /* MyPostsTableViewCell.swift in Sources */,
				AC48CE532459E6B300C8D3A6 /* User.swift in Sources */,
				D56D79722468F15200265021 /* PostController.swift in Sources */,
			);
			runOnlyForDeploymentPostprocessing = 0;
		};
/* End PBXSourcesBuildPhase section */

/* Begin PBXVariantGroup section */
		6D27DA822469C84100DBDEA2 /* Home.storyboard */ = {
			isa = PBXVariantGroup;
			children = (
				6D27DA832469C84100DBDEA2 /* Base */,
			);
			name = Home.storyboard;
			sourceTree = "<group>";
		};
		6D4A8A622458D07600F69923 /* AddPost.storyboard */ = {
			isa = PBXVariantGroup;
			children = (
				6D4A8A632458D07600F69923 /* Base */,
			);
			name = AddPost.storyboard;
			sourceTree = "<group>";
		};
		6D4A8A692458D64300F69923 /* Profile.storyboard */ = {
			isa = PBXVariantGroup;
			children = (
				6D4A8A6A2458D64300F69923 /* Base */,
			);
			name = Profile.storyboard;
			sourceTree = "<group>";
		};
		D5CF92CF24537B470059110B /* Main.storyboard */ = {
			isa = PBXVariantGroup;
			children = (
				D5CF92D024537B470059110B /* Base */,
			);
			name = Main.storyboard;
			sourceTree = "<group>";
		};
		D5CF92D424537B570059110B /* LaunchScreen.storyboard */ = {
			isa = PBXVariantGroup;
			children = (
				D5CF92D524537B570059110B /* Base */,
			);
			name = LaunchScreen.storyboard;
			sourceTree = "<group>";
		};
/* End PBXVariantGroup section */

/* Begin XCBuildConfiguration section */
		D5CF92D824537B570059110B /* Debug */ = {
			isa = XCBuildConfiguration;
			buildSettings = {
				ALWAYS_SEARCH_USER_PATHS = NO;
				CLANG_ANALYZER_NONNULL = YES;
				CLANG_ANALYZER_NUMBER_OBJECT_CONVERSION = YES_AGGRESSIVE;
				CLANG_CXX_LANGUAGE_STANDARD = "gnu++14";
				CLANG_CXX_LIBRARY = "libc++";
				CLANG_ENABLE_MODULES = YES;
				CLANG_ENABLE_OBJC_ARC = YES;
				CLANG_ENABLE_OBJC_WEAK = YES;
				CLANG_WARN_BLOCK_CAPTURE_AUTORELEASING = YES;
				CLANG_WARN_BOOL_CONVERSION = YES;
				CLANG_WARN_COMMA = YES;
				CLANG_WARN_CONSTANT_CONVERSION = YES;
				CLANG_WARN_DEPRECATED_OBJC_IMPLEMENTATIONS = YES;
				CLANG_WARN_DIRECT_OBJC_ISA_USAGE = YES_ERROR;
				CLANG_WARN_DOCUMENTATION_COMMENTS = YES;
				CLANG_WARN_EMPTY_BODY = YES;
				CLANG_WARN_ENUM_CONVERSION = YES;
				CLANG_WARN_INFINITE_RECURSION = YES;
				CLANG_WARN_INT_CONVERSION = YES;
				CLANG_WARN_NON_LITERAL_NULL_CONVERSION = YES;
				CLANG_WARN_OBJC_IMPLICIT_RETAIN_SELF = YES;
				CLANG_WARN_OBJC_LITERAL_CONVERSION = YES;
				CLANG_WARN_OBJC_ROOT_CLASS = YES_ERROR;
				CLANG_WARN_RANGE_LOOP_ANALYSIS = YES;
				CLANG_WARN_STRICT_PROTOTYPES = YES;
				CLANG_WARN_SUSPICIOUS_MOVE = YES;
				CLANG_WARN_UNGUARDED_AVAILABILITY = YES_AGGRESSIVE;
				CLANG_WARN_UNREACHABLE_CODE = YES;
				CLANG_WARN__DUPLICATE_METHOD_MATCH = YES;
				COPY_PHASE_STRIP = NO;
				DEBUG_INFORMATION_FORMAT = dwarf;
				ENABLE_STRICT_OBJC_MSGSEND = YES;
				ENABLE_TESTABILITY = YES;
				GCC_C_LANGUAGE_STANDARD = gnu11;
				GCC_DYNAMIC_NO_PIC = NO;
				GCC_NO_COMMON_BLOCKS = YES;
				GCC_OPTIMIZATION_LEVEL = 0;
				GCC_PREPROCESSOR_DEFINITIONS = (
					"DEBUG=1",
					"$(inherited)",
				);
				GCC_WARN_64_TO_32_BIT_CONVERSION = YES;
				GCC_WARN_ABOUT_RETURN_TYPE = YES_ERROR;
				GCC_WARN_UNDECLARED_SELECTOR = YES;
				GCC_WARN_UNINITIALIZED_AUTOS = YES_AGGRESSIVE;
				GCC_WARN_UNUSED_FUNCTION = YES;
				GCC_WARN_UNUSED_VARIABLE = YES;
				IPHONEOS_DEPLOYMENT_TARGET = 13.4;
				MTL_ENABLE_DEBUG_INFO = INCLUDE_SOURCE;
				MTL_FAST_MATH = YES;
				ONLY_ACTIVE_ARCH = YES;
				SDKROOT = iphoneos;
				SWIFT_ACTIVE_COMPILATION_CONDITIONS = DEBUG;
				SWIFT_OPTIMIZATION_LEVEL = "-Onone";
			};
			name = Debug;
		};
		D5CF92D924537B570059110B /* Release */ = {
			isa = XCBuildConfiguration;
			buildSettings = {
				ALWAYS_SEARCH_USER_PATHS = NO;
				CLANG_ANALYZER_NONNULL = YES;
				CLANG_ANALYZER_NUMBER_OBJECT_CONVERSION = YES_AGGRESSIVE;
				CLANG_CXX_LANGUAGE_STANDARD = "gnu++14";
				CLANG_CXX_LIBRARY = "libc++";
				CLANG_ENABLE_MODULES = YES;
				CLANG_ENABLE_OBJC_ARC = YES;
				CLANG_ENABLE_OBJC_WEAK = YES;
				CLANG_WARN_BLOCK_CAPTURE_AUTORELEASING = YES;
				CLANG_WARN_BOOL_CONVERSION = YES;
				CLANG_WARN_COMMA = YES;
				CLANG_WARN_CONSTANT_CONVERSION = YES;
				CLANG_WARN_DEPRECATED_OBJC_IMPLEMENTATIONS = YES;
				CLANG_WARN_DIRECT_OBJC_ISA_USAGE = YES_ERROR;
				CLANG_WARN_DOCUMENTATION_COMMENTS = YES;
				CLANG_WARN_EMPTY_BODY = YES;
				CLANG_WARN_ENUM_CONVERSION = YES;
				CLANG_WARN_INFINITE_RECURSION = YES;
				CLANG_WARN_INT_CONVERSION = YES;
				CLANG_WARN_NON_LITERAL_NULL_CONVERSION = YES;
				CLANG_WARN_OBJC_IMPLICIT_RETAIN_SELF = YES;
				CLANG_WARN_OBJC_LITERAL_CONVERSION = YES;
				CLANG_WARN_OBJC_ROOT_CLASS = YES_ERROR;
				CLANG_WARN_RANGE_LOOP_ANALYSIS = YES;
				CLANG_WARN_STRICT_PROTOTYPES = YES;
				CLANG_WARN_SUSPICIOUS_MOVE = YES;
				CLANG_WARN_UNGUARDED_AVAILABILITY = YES_AGGRESSIVE;
				CLANG_WARN_UNREACHABLE_CODE = YES;
				CLANG_WARN__DUPLICATE_METHOD_MATCH = YES;
				COPY_PHASE_STRIP = NO;
				DEBUG_INFORMATION_FORMAT = "dwarf-with-dsym";
				ENABLE_NS_ASSERTIONS = NO;
				ENABLE_STRICT_OBJC_MSGSEND = YES;
				GCC_C_LANGUAGE_STANDARD = gnu11;
				GCC_NO_COMMON_BLOCKS = YES;
				GCC_WARN_64_TO_32_BIT_CONVERSION = YES;
				GCC_WARN_ABOUT_RETURN_TYPE = YES_ERROR;
				GCC_WARN_UNDECLARED_SELECTOR = YES;
				GCC_WARN_UNINITIALIZED_AUTOS = YES_AGGRESSIVE;
				GCC_WARN_UNUSED_FUNCTION = YES;
				GCC_WARN_UNUSED_VARIABLE = YES;
				IPHONEOS_DEPLOYMENT_TARGET = 13.4;
				MTL_ENABLE_DEBUG_INFO = NO;
				MTL_FAST_MATH = YES;
				SDKROOT = iphoneos;
				SWIFT_COMPILATION_MODE = wholemodule;
				SWIFT_OPTIMIZATION_LEVEL = "-O";
				VALIDATE_PRODUCT = YES;
			};
			name = Release;
		};
		D5CF92DB24537B570059110B /* Debug */ = {
			isa = XCBuildConfiguration;
			baseConfigurationReference = 0B9123E355416978A5129ABF /* Pods-MVP.debug.xcconfig */;
			buildSettings = {
				ASSETCATALOG_COMPILER_APPICON_NAME = AppIcon;
				CODE_SIGN_STYLE = Automatic;
				DEVELOPMENT_TEAM = 9U46PJ4YSS;
				INFOPLIST_FILE = MVP/Info.plist;
				LD_RUNPATH_SEARCH_PATHS = (
					"$(inherited)",
					"@executable_path/Frameworks",
				);
				PRODUCT_BUNDLE_IDENTIFIER = com.coronacation.MVP;
				PRODUCT_NAME = "$(TARGET_NAME)";
				SWIFT_VERSION = 5.0;
				TARGETED_DEVICE_FAMILY = "1,2";
			};
			name = Debug;
		};
		D5CF92DC24537B570059110B /* Release */ = {
			isa = XCBuildConfiguration;
			baseConfigurationReference = B4FC19AE417711957313A323 /* Pods-MVP.release.xcconfig */;
			buildSettings = {
				ASSETCATALOG_COMPILER_APPICON_NAME = AppIcon;
				CODE_SIGN_IDENTITY = "Apple Development";
				CODE_SIGN_STYLE = Automatic;
				DEVELOPMENT_TEAM = 9U46PJ4YSS;
				INFOPLIST_FILE = MVP/Info.plist;
				LD_RUNPATH_SEARCH_PATHS = (
					"$(inherited)",
					"@executable_path/Frameworks",
				);
				PRODUCT_BUNDLE_IDENTIFIER = com.coronacation.MVP;
				PRODUCT_NAME = "$(TARGET_NAME)";
				PROVISIONING_PROFILE_SPECIFIER = "";
				SWIFT_VERSION = 5.0;
				TARGETED_DEVICE_FAMILY = "1,2";
			};
			name = Release;
		};
/* End XCBuildConfiguration section */

/* Begin XCConfigurationList section */
		D5CF92C124537B460059110B /* Build configuration list for PBXProject "MVP" */ = {
			isa = XCConfigurationList;
			buildConfigurations = (
				D5CF92D824537B570059110B /* Debug */,
				D5CF92D924537B570059110B /* Release */,
			);
			defaultConfigurationIsVisible = 0;
			defaultConfigurationName = Release;
		};
		D5CF92DA24537B570059110B /* Build configuration list for PBXNativeTarget "MVP" */ = {
			isa = XCConfigurationList;
			buildConfigurations = (
				D5CF92DB24537B570059110B /* Debug */,
				D5CF92DC24537B570059110B /* Release */,
			);
			defaultConfigurationIsVisible = 0;
			defaultConfigurationName = Release;
		};
/* End XCConfigurationList section */
	};
	rootObject = D5CF92BE24537B460059110B /* Project object */;
}
